{
    "name": "terminal-manager",
    "version": "0.0.2",
    "lockfileVersion": 3,
    "requires": true,
    "packages": {
        "": {
            "name": "terminal-manager",
            "version": "0.0.2",
            "dependencies": {
                "@vscode/codicons": "^0.0.45"
            },
            "devDependencies": {
                "@biomejs/biome": "^2.4.8",
                "@types/node": "^20.0.0",
                "@types/vscode": "^1.93.0",
                "typescript": "^5.5.0"
            },
            "engines": {
                "vscode": "^1.93.0"
            }
        },
        "node_modules/@biomejs/biome": {
            "version": "2.4.8",
            "resolved": "https://registry.npmjs.org/@biomejs/biome/-/biome-2.4.8.tgz",
            "integrity": "sha512-ponn0oKOky1oRXBV+rlSaUlixUxf1aZvWC19Z41zBfUOUesthrQqL3OtiAlSB1EjFjyWpn98Q64DHelhA6jNlA==",
            "dev": true,
            "license": "MIT OR Apache-2.0",
            "bin": {
                "biome": "bin/biome"
            },
            "engines": {
                "node": ">=14.21.3"
            },
            "funding": {
                "type": "opencollective",
                "url": "https://opencollective.com/biome"
            },
            "optionalDependencies": {
                "@biomejs/cli-darwin-arm64": "2.4.8",
                "@biomejs/cli-darwin-x64": "2.4.8",
                "@biomejs/cli-linux-arm64": "2.4.8",
                "@biomejs/cli-linux-arm64-musl": "2.4.8",
                "@biomejs/cli-linux-x64": "2.4.8",
                "@biomejs/cli-linux-x64-musl": "2.4.8",
                "@biomejs/cli-win32-arm64": "2.4.8",
                "@biomejs/cli-win32-x64": "2.4.8"
            }
        },
        "node_modules/@biomejs/cli-darwin-arm64": {
            "version": "2.4.8",
            "resolved": "https://registry.npmjs.org/@biomejs/cli-darwin-arm64/-/cli-darwin-arm64-2.4.8.tgz",
            "integrity": "sha512-ARx0tECE8I7S2C2yjnWYLNbBdDoPdq3oyNLhMglmuctThwUsuzFWRKrHmIGwIRWKz0Mat9DuzLEDp52hGnrxGQ==",
            "cpu": [
                "arm64"
            ],
            "dev": true,
            "license": "MIT OR Apache-2.0",
            "optional": true,
            "os": [
                "darwin"
            ],
            "engines": {
                "node": ">=14.21.3"
            }
        },
        "node_modules/@biomejs/cli-darwin-x64": {
            "version": "2.4.8",
            "resolved": "https://registry.npmjs.org/@biomejs/cli-darwin-x64/-/cli-darwin-x64-2.4.8.tgz",
            "integrity": "sha512-Jg9/PsB9vDCJlANE8uhG7qDhb5w0Ix69D7XIIc8IfZPUoiPrbLm33k2Ig3NOJ/7nb3UbesFz3D1aDKm9DvzjhQ==",
            "cpu": [
                "x64"
            ],
            "dev": true,
            "license": "MIT OR Apache-2.0",
            "optional": true,
            "os": [
                "darwin"
            ],
            "engines": {
                "node": ">=14.21.3"
            }
        },
        "node_modules/@biomejs/cli-linux-arm64": {
            "version": "2.4.8",
            "resolved": "https://registry.npmjs.org/@biomejs/cli-linux-arm64/-/cli-linux-arm64-2.4.8.tgz",
            "integrity": "sha512-5CdrsJct76XG2hpKFwXnEtlT1p+4g4yV+XvvwBpzKsTNLO9c6iLlAxwcae2BJ7ekPGWjNGw9j09T5KGPKKxQig==",
            "cpu": [
                "arm64"
            ],
            "dev": true,
            "license": "MIT OR Apache-2.0",
            "optional": true,
            "os": [
                "linux"
            ],
            "engines": {
                "node": ">=14.21.3"
            }
        },
        "node_modules/@biomejs/cli-linux-arm64-musl": {
            "version": "2.4.8",
            "resolved": "https://registry.npmjs.org/@biomejs/cli-linux-arm64-musl/-/cli-linux-arm64-musl-2.4.8.tgz",
            "integrity": "sha512-Zo9OhBQDJ3IBGPlqHiTISloo5H0+FBIpemqIJdW/0edJ+gEcLR+MZeZozcUyz3o1nXkVA7++DdRKQT0599j9jA==",
            "cpu": [
                "arm64"
            ],
            "dev": true,
            "license": "MIT OR Apache-2.0",
            "optional": true,
            "os": [
                "linux"
            ],
            "engines": {
                "node": ">=14.21.3"
            }
        },
        "node_modules/@biomejs/cli-linux-x64": {
            "version": "2.4.8",
            "resolved": "https://registry.npmjs.org/@biomejs/cli-linux-x64/-/cli-linux-x64-2.4.8.tgz",
            "integrity": "sha512-PdKXspVEaMCQLjtZCn6vfSck/li4KX9KGwSDbZdgIqlrizJ2MnMcE3TvHa2tVfXNmbjMikzcfJpuPWH695yJrw==",
            "cpu": [
                "x64"
            ],
            "dev": true,
            "license": "MIT OR Apache-2.0",
            "optional": true,
            "os": [
                "linux"
            ],
            "engines": {
                "node": ">=14.21.3"
            }
        },
        "node_modules/@biomejs/cli-linux-x64-musl": {
            "version": "2.4.8",
            "resolved": "https://registry.npmjs.org/@biomejs/cli-linux-x64-musl/-/cli-linux-x64-musl-2.4.8.tgz",
            "integrity": "sha512-Gi8quv8MEuDdKaPFtS2XjEnMqODPsRg6POT6KhoP+VrkNb+T2ywunVB+TvOU0LX1jAZzfBr+3V1mIbBhzAMKvw==",
            "cpu": [
                "x64"
            ],
            "dev": true,
            "license": "MIT OR Apache-2.0",
            "optional": true,
            "os": [
                "linux"
            ],
            "engines": {
                "node": ">=14.21.3"
            }
        },
        "node_modules/@biomejs/cli-win32-arm64": {
            "version": "2.4.8",
            "resolved": "https://registry.npmjs.org/@biomejs/cli-win32-arm64/-/cli-win32-arm64-2.4.8.tgz",
            "integrity": "sha512-LoFatS0tnHv6KkCVpIy3qZCih+MxUMvdYiPWLHRri7mhi2vyOOs8OrbZBcLTUEWCS+ktO72nZMy4F96oMhkOHQ==",
            "cpu": [
                "arm64"
            ],
            "dev": true,
            "license": "MIT OR Apache-2.0",
            "optional": true,
            "os": [
                "win32"
            ],
            "engines": {
                "node": ">=14.21.3"
            }
        },
        "node_modules/@biomejs/cli-win32-x64": {
            "version": "2.4.8",
            "resolved": "https://registry.npmjs.org/@biomejs/cli-win32-x64/-/cli-win32-x64-2.4.8.tgz",
            "integrity": "sha512-vAn7iXDoUbqFXqVocuq1sMYAd33p8+mmurqJkWl6CtIhobd/O6moe4rY5AJvzbunn/qZCdiDVcveqtkFh1e7Hg==",
            "cpu": [
                "x64"
            ],
            "dev": true,
            "license": "MIT OR Apache-2.0",
            "optional": true,
            "os": [
                "win32"
            ],
            "engines": {
                "node": ">=14.21.3"
            }
        },
        "node_modules/@types/node": {
            "version": "20.19.37",
            "resolved": "https://registry.npmjs.org/@types/node/-/node-20.19.37.tgz",
            "integrity": "sha512-8kzdPJ3FsNsVIurqBs7oodNnCEVbni9yUEkaHbgptDACOPW04jimGagZ51E6+lXUwJjgnBw+hyko/lkFWCldqw==",
            "dev": true,
            "license": "MIT",
            "dependencies": {
                "undici-types": "~6.21.0"
            }
        },
        "node_modules/@types/vscode": {
            "version": "1.110.0",
            "resolved": "https://registry.npmjs.org/@types/vscode/-/vscode-1.110.0.tgz",
            "integrity": "sha512-AGuxUEpU4F4mfuQjxPPaQVyuOMhs+VT/xRok1jiHVBubHK7lBRvCuOMZG0LKUwxncrPorJ5qq/uil3IdZBd5lA==",
            "dev": true,
            "license": "MIT"
        },
        "node_modules/@vscode/codicons": {
            "version": "0.0.45",
            "resolved": "https://registry.npmjs.org/@vscode/codicons/-/codicons-0.0.45.tgz",
            "integrity": "sha512-1KAZ7XCMagp5Gdrlr4bbbcAqgcIL623iO1wW6rfcSVGAVUQvR0WP7bQx1SbJ11gmV3fdQTSEFIJQ/5C+HuVasw==",
            "license": "CC-BY-4.0"
        },
        "node_modules/typescript": {
            "version": "5.9.3",
            "resolved": "https://registry.npmjs.org/typescript/-/typescript-5.9.3.tgz",
            "integrity": "sha512-jl1vZzPDinLr9eUt3J/t7V6FgNEw9QjvBPdysz9KfQDD41fQrC2Y4vKQdiaUpFT4bXlb1RHhLpp8wtm6M5TgSw==",
            "dev": true,
            "license": "Apache-2.0",
            "bin": {
                "tsc": "bin/tsc",
                "tsserver": "bin/tsserver"
            },
            "engines": {
                "node": ">=14.17"
            }
        },
        "node_modules/undici-types": {
            "version": "6.21.0",
            "resolved": "https://registry.npmjs.org/undici-types/-/undici-types-6.21.0.tgz",
            "integrity": "sha512-iwDZqg0QAGrg9Rav5H4n0M64c3mkR59cJ6wQp+7C4nI0gsmExaedaYLNO44eT4AtBBwjbTiGPMlt2Md0T9H9JQ==",
            "dev": true,
            "license": "MIT"
        }
    }
}
